
Microsoft Visual Studio Solution File, Format Version 12.00
# Visual Studio 15
VisualStudioVersion = 15.0.28307.329
MinimumVisualStudioVersion = 10.0.40219.1
Project("{2150E333-8FDC-42A3-9474-1A3956D46DE8}") = "20190307", "20190307", "{3AFC12A9-5D6A-4DB5-9D3A-A28210F76546}"
EndProject
Project("{9A19103F-16F7-4668-BE54-9A1E7A4F7556}") = "CoreGiris", "CoreGiris\CoreGiris.csproj", "{6D30E04E-0DF4-46A6-9E94-9FFCAA66BE6A}"
EndProject
Project("{2150E333-8FDC-42A3-9474-1A3956D46DE8}") = "20190308", "20190308", "{00E99CA9-1D36-4738-B45D-E90702B4134E}"
EndProject
Project("{9A19103F-16F7-4668-BE54-9A1E7A4F7556}") = "CoreIdentity", "CoreIdentity\CoreIdentity.csproj", "{5AA7A9FF-EAF4-4ACB-B3E7-EB7D78471B81}"
EndProject
Project("{2150E333-8FDC-42A3-9474-1A3956D46DE8}") = "20190318", "20190318", "{498D949D-01B9-408B-8FC8-91650064B310}"
EndProject
Project("{FAE04EC0-301F-11D3-BF4B-00C04F79EFBC}") = "Kuzey.UI.Web", "Kuzey.UI.Web\Kuzey.UI.Web.csproj", "{A5DBECE0-BB86-4C79-8AB9-268AA96D1D37}"
EndProject
Project("{FAE04EC0-301F-11D3-BF4B-00C04F79EFBC}") = "Kuzey.Models", "Kuzey.Models\Kuzey.Models.csproj", "{4F19D876-2079-4A02-8E5C-334FA97B631B}"
EndProject
Project("{FAE04EC0-301F-11D3-BF4B-00C04F79EFBC}") = "Kuzey.DAL", "Kuzey.DAL\Kuzey.DAL.csproj", "{6833AE38-09B9-4F30-B9D2-A611FC04FD79}"
EndProject
Project("{FAE04EC0-301F-11D3-BF4B-00C04F79EFBC}") = "Kuzey.BLL", "Kuzey.BLL\Kuzey.BLL.csproj", "{F12393E9-50A4-48BA-8133-D57E9517DD34}"
EndProject
Global
	GlobalSection(SolutionConfigurationPlatforms) = preSolution
		Debug|Any CPU = Debug|Any CPU
		Release|Any CPU = Release|Any CPU
	EndGlobalSection
	GlobalSection(ProjectConfigurationPlatforms) = postSolution
		{6D30E04E-0DF4-46A6-9E94-9FFCAA66BE6A}.Debug|Any CPU.ActiveCfg = Debug|Any CPU
		{6D30E04E-0DF4-46A6-9E94-9FFCAA66BE6A}.Debug|Any CPU.Build.0 = Debug|Any CPU
		{6D30E04E-0DF4-46A6-9E94-9FFCAA66BE6A}.Release|Any CPU.ActiveCfg = Release|Any CPU
		{6D30E04E-0DF4-46A6-9E94-9FFCAA66BE6A}.Release|Any CPU.Build.0 = Release|Any CPU
		{5AA7A9FF-EAF4-4ACB-B3E7-EB7D78471B81}.Debug|Any CPU.ActiveCfg = Debug|Any CPU
		{5AA7A9FF-EAF4-4ACB-B3E7-EB7D78471B81}.Debug|Any CPU.Build.0 = Debug|Any CPU
		{5AA7A9FF-EAF4-4ACB-B3E7-EB7D78471B81}.Release|Any CPU.ActiveCfg = Release|Any CPU
		{5AA7A9FF-EAF4-4ACB-B3E7-EB7D78471B81}.Release|Any CPU.Build.0 = Release|Any CPU
		{A5DBECE0-BB86-4C79-8AB9-268AA96D1D37}.Debug|Any CPU.ActiveCfg = Debug|Any CPU
		{A5DBECE0-BB86-4C79-8AB9-268AA96D1D37}.Debug|Any CPU.Build.0 = Debug|Any CPU
		{A5DBECE0-BB86-4C79-8AB9-268AA96D1D37}.Release|Any CPU.ActiveCfg = Release|Any CPU
		{A5DBECE0-BB86-4C79-8AB9-268AA96D1D37}.Release|Any CPU.Build.0 = Release|Any CPU
		{4F19D876-2079-4A02-8E5C-334FA97B631B}.Debug|Any CPU.ActiveCfg = Debug|Any CPU
		{4F19D876-2079-4A02-8E5C-334FA97B631B}.Debug|Any CPU.Build.0 = Debug|Any CPU
		{4F19D876-2079-4A02-8E5C-334FA97B631B}.Release|Any CPU.ActiveCfg = Release|Any CPU
		{4F19D876-2079-4A02-8E5C-334FA97B631B}.Release|Any CPU.Build.0 = Release|Any CPU
		{6833AE38-09B9-4F30-B9D2-A611FC04FD79}.Debug|Any CPU.ActiveCfg = Debug|Any CPU
		{6833AE38-09B9-4F30-B9D2-A611FC04FD79}.Debug|Any CPU.Build.0 = Debug|Any CPU
		{6833AE38-09B9-4F30-B9D2-A611FC04FD79}.Release|Any CPU.ActiveCfg = Release|Any CPU
		{6833AE38-09B9-4F30-B9D2-A611FC04FD79}.Release|Any CPU.Build.0 = Release|Any CPU
		{F12393E9-50A4-48BA-8133-D57E9517DD34}.Debug|Any CPU.ActiveCfg = Debug|Any CPU
		{F12393E9-50A4-48BA-8133-D57E9517DD34}.Debug|Any CPU.Build.0 = Debug|Any CPU
		{F12393E9-50A4-48BA-8133-D57E9517DD34}.Release|Any CPU.ActiveCfg = Release|Any CPU
		{F12393E9-50A4-48BA-8133-D57E9517DD34}.Release|Any CPU.Build.0 = Release|Any CPU
	EndGlobalSection
	GlobalSection(SolutionProperties) = preSolution
		HideSolutionNode = FALSE
	EndGlobalSection
	GlobalSection(NestedProjects) = preSolution
		{6D30E04E-0DF4-46A6-9E94-9FFCAA66BE6A} = {3AFC12A9-5D6A-4DB5-9D3A-A28210F76546}
		{5AA7A9FF-EAF4-4ACB-B3E7-EB7D78471B81} = {00E99CA9-1D36-4738-B45D-E90702B4134E}
		{A5DBECE0-BB86-4C79-8AB9-268AA96D1D37} = {498D949D-01B9-408B-8FC8-91650064B310}
		{4F19D876-2079-4A02-8E5C-334FA97B631B} = {498D949D-01B9-408B-8FC8-91650064B310}
		{6833AE38-09B9-4F30-B9D2-A611FC04FD79} = {498D949D-01B9-408B-8FC8-91650064B310}
		{F12393E9-50A4-48BA-8133-D57E9517DD34} = {498D949D-01B9-408B-8FC8-91650064B310}
	EndGlobalSection
	GlobalSection(ExtensibilityGlobals) = postSolution
		SolutionGuid = {E8508A78-9B74-40EF-9A26-7F92EFB9DA84}
	EndGlobalSection
EndGlobal
